
Microsoft Visual Studio Solution File, Format Version 12.00
# Visual Studio Version 17
VisualStudioVersion = 17.6.33829.357
MinimumVisualStudioVersion = 10.0.40219.1
Project("{FAE04EC0-301F-11D3-BF4B-00C04F79EFBC}") = "ATV-31.07-vendedores", "ATV-31.07-vendedores\ATV-31.07-vendedores.csproj", "{EA6163A3-C0F9-443D-8631-CBA87134C4DE}"
EndProject
Global
	GlobalSection(SolutionConfigurationPlatforms) = preSolution
		Debug|Any CPU = Debug|Any CPU
		Release|Any CPU = Release|Any CPU
	EndGlobalSection
	GlobalSection(ProjectConfigurationPlatforms) = postSolution
		{EA6163A3-C0F9-443D-8631-CBA87134C4DE}.Debug|Any CPU.ActiveCfg = Debug|Any CPU
		{EA6163A3-C0F9-443D-8631-CBA87134C4DE}.Debug|Any CPU.Build.0 = Debug|Any CPU
		{EA6163A3-C0F9-443D-8631-CBA87134C4DE}.Release|Any CPU.ActiveCfg = Release|Any CPU
		{EA6163A3-C0F9-443D-8631-CBA87134C4DE}.Release|Any CPU.Build.0 = Release|Any CPU
	EndGlobalSection
	GlobalSection(SolutionProperties) = preSolution
		HideSolutionNode = FALSE
	EndGlobalSection
	GlobalSection(ExtensibilityGlobals) = postSolution
		SolutionGuid = {DCD4DB8A-AB7E-4220-9D3C-9650FF411A59}
	EndGlobalSection
EndGlobal
